
Microsoft Visual Studio Solution File, Format Version 12.00
# Visual Studio 15
VisualStudioVersion = 15.0.28307.271
MinimumVisualStudioVersion = 10.0.40219.1
Project("{FAE04EC0-301F-11D3-BF4B-00C04F79EFBC}") = "ColorSorting", "ColorSorting\ColorSorting.csproj", "{34B5382A-1D00-4334-8640-A14F200185C1}"
EndProject
Project("{FAE04EC0-301F-11D3-BF4B-00C04F79EFBC}") = "ColorSorting.Tests", "ColorSorting.Tests\ColorSorting.Tests.csproj", "{17E81EB3-565C-4E53-82D8-CA688C34879E}"
EndProject
Global
	GlobalSection(SolutionConfigurationPlatforms) = preSolution
		Debug|Any CPU = Debug|Any CPU
		Release|Any CPU = Release|Any CPU
	EndGlobalSection
	GlobalSection(ProjectConfigurationPlatforms) = postSolution
		{34B5382A-1D00-4334-8640-A14F200185C1}.Debug|Any CPU.ActiveCfg = Debug|Any CPU
		{34B5382A-1D00-4334-8640-A14F200185C1}.Debug|Any CPU.Build.0 = Debug|Any CPU
		{34B5382A-1D00-4334-8640-A14F200185C1}.Release|Any CPU.ActiveCfg = Release|Any CPU
		{34B5382A-1D00-4334-8640-A14F200185C1}.Release|Any CPU.Build.0 = Release|Any CPU
		{17E81EB3-565C-4E53-82D8-CA688C34879E}.Debug|Any CPU.ActiveCfg = Debug|Any CPU
		{17E81EB3-565C-4E53-82D8-CA688C34879E}.Debug|Any CPU.Build.0 = Debug|Any CPU
		{17E81EB3-565C-4E53-82D8-CA688C34879E}.Release|Any CPU.ActiveCfg = Release|Any CPU
		{17E81EB3-565C-4E53-82D8-CA688C34879E}.Release|Any CPU.Build.0 = Release|Any CPU
	EndGlobalSection
	GlobalSection(SolutionProperties) = preSolution
		HideSolutionNode = FALSE
	EndGlobalSection
	GlobalSection(ExtensibilityGlobals) = postSolution
		SolutionGuid = {16AE0DCC-D727-4F1E-ABD6-BA894792625F}
	EndGlobalSection
EndGlobal
